
Microsoft Visual Studio Solution File, Format Version 12.00
# Visual Studio Version 16
VisualStudioVersion = 16.0.29519.87
MinimumVisualStudioVersion = 10.0.40219.1
Project("{FAE04EC0-301F-11D3-BF4B-00C04F79EFBC}") = "LettersA", "LettersA.csproj", "{37DFB239-FB9D-4A41-A04F-B5592F205C9A}"
EndProject
Global
	GlobalSection(SolutionConfigurationPlatforms) = preSolution
		Debug|Any CPU = Debug|Any CPU
		Release|Any CPU = Release|Any CPU
	EndGlobalSection
	GlobalSection(ProjectConfigurationPlatforms) = postSolution
		{37DFB239-FB9D-4A41-A04F-B5592F205C9A}.Debug|Any CPU.ActiveCfg = Debug|Any CPU
		{37DFB239-FB9D-4A41-A04F-B5592F205C9A}.Debug|Any CPU.Build.0 = Debug|Any CPU
		{37DFB239-FB9D-4A41-A04F-B5592F205C9A}.Release|Any CPU.ActiveCfg = Release|Any CPU
		{37DFB239-FB9D-4A41-A04F-B5592F205C9A}.Release|Any CPU.Build.0 = Release|Any CPU
	EndGlobalSection
	GlobalSection(SolutionProperties) = preSolution
		HideSolutionNode = FALSE
	EndGlobalSection
	GlobalSection(ExtensibilityGlobals) = postSolution
		SolutionGuid = {A98F7804-E27E-45FF-B370-E7696343A40D}
	EndGlobalSection
EndGlobal
