
Microsoft Visual Studio Solution File, Format Version 12.00
# Visual Studio Version 16
VisualStudioVersion = 16.0.29613.14
MinimumVisualStudioVersion = 10.0.40219.1
Project("{FAE04EC0-301F-11D3-BF4B-00C04F79EFBC}") = "Project.14_2", "Project.14_2\Project.14_2.csproj", "{B3D350CA-B08D-4A43-BA35-108EBCE40BF1}"
EndProject
Global
	GlobalSection(SolutionConfigurationPlatforms) = preSolution
		Debug|Any CPU = Debug|Any CPU
		Release|Any CPU = Release|Any CPU
	EndGlobalSection
	GlobalSection(ProjectConfigurationPlatforms) = postSolution
		{B3D350CA-B08D-4A43-BA35-108EBCE40BF1}.Debug|Any CPU.ActiveCfg = Debug|Any CPU
		{B3D350CA-B08D-4A43-BA35-108EBCE40BF1}.Debug|Any CPU.Build.0 = Debug|Any CPU
		{B3D350CA-B08D-4A43-BA35-108EBCE40BF1}.Release|Any CPU.ActiveCfg = Release|Any CPU
		{B3D350CA-B08D-4A43-BA35-108EBCE40BF1}.Release|Any CPU.Build.0 = Release|Any CPU
	EndGlobalSection
	GlobalSection(SolutionProperties) = preSolution
		HideSolutionNode = FALSE
	EndGlobalSection
	GlobalSection(ExtensibilityGlobals) = postSolution
		SolutionGuid = {02CD904F-6CD3-47F8-A7F6-0B0ABA83E706}
	EndGlobalSection
EndGlobal
